<?xml version="1.0" encoding="utf-8"?>
<Project ToolsVersion="17.0" xmlns="http://schemas.microsoft.com/developer/msbuild/2003">
  <ItemGroup>
    <CustomBuild Include="D:\Project\archive\peelmesh_archive\build_t\CMakeFiles\f1360a98267a721388d9956c2817fefd\INSTALL_force.rule">
      <Filter>CMake Rules</Filter>
    </CustomBuild>
  </ItemGroup>
  <ItemGroup>
    <Filter Include="CMake Rules">
      <UniqueIdentifier>{21190C3F-C4EB-307F-847D-D483A4504BD7}</UniqueIdentifier>
    </Filter>
  </ItemGroup>
</Project>
